
Microsoft Visual Studio Solution File, Format Version 12.00
# Visual Studio Version 17
VisualStudioVersion = 17.4.33205.214
MinimumVisualStudioVersion = 10.0.40219.1
Project("{FAE04EC0-301F-11D3-BF4B-00C04F79EFBC}") = "GeniyIdiotConsoleApp", "GeniyIdiotConsoleApp\GeniyIdiotConsoleApp.csproj", "{381A0827-1756-40EF-9B2B-AE0189F7019F}"
EndProject
Project("{FAE04EC0-301F-11D3-BF4B-00C04F79EFBC}") = "GeniyIdiotWindowsFormsApp", "GeniyIdiotWindowsFormsApp\GeniyIdiotWindowsFormsApp.csproj", "{8B122C97-5C08-4CF2-925B-41E462B3E918}"
EndProject
Project("{FAE04EC0-301F-11D3-BF4B-00C04F79EFBC}") = "GeniyIdiotClassLibrary", "GeniyIdiotClassLibrary\GeniyIdiotClassLibrary.csproj", "{8041B192-495E-4DD9-A022-3CE0E3F9AED7}"
EndProject
Global
	GlobalSection(SolutionConfigurationPlatforms) = preSolution
		Debug|Any CPU = Debug|Any CPU
		Release|Any CPU = Release|Any CPU
	EndGlobalSection
	GlobalSection(ProjectConfigurationPlatforms) = postSolution
		{381A0827-1756-40EF-9B2B-AE0189F7019F}.Debug|Any CPU.ActiveCfg = Debug|Any CPU
		{381A0827-1756-40EF-9B2B-AE0189F7019F}.Debug|Any CPU.Build.0 = Debug|Any CPU
		{381A0827-1756-40EF-9B2B-AE0189F7019F}.Release|Any CPU.ActiveCfg = Release|Any CPU
		{381A0827-1756-40EF-9B2B-AE0189F7019F}.Release|Any CPU.Build.0 = Release|Any CPU
		{8B122C97-5C08-4CF2-925B-41E462B3E918}.Debug|Any CPU.ActiveCfg = Debug|Any CPU
		{8B122C97-5C08-4CF2-925B-41E462B3E918}.Debug|Any CPU.Build.0 = Debug|Any CPU
		{8B122C97-5C08-4CF2-925B-41E462B3E918}.Release|Any CPU.ActiveCfg = Release|Any CPU
		{8B122C97-5C08-4CF2-925B-41E462B3E918}.Release|Any CPU.Build.0 = Release|Any CPU
		{8041B192-495E-4DD9-A022-3CE0E3F9AED7}.Debug|Any CPU.ActiveCfg = Debug|Any CPU
		{8041B192-495E-4DD9-A022-3CE0E3F9AED7}.Debug|Any CPU.Build.0 = Debug|Any CPU
		{8041B192-495E-4DD9-A022-3CE0E3F9AED7}.Release|Any CPU.ActiveCfg = Release|Any CPU
		{8041B192-495E-4DD9-A022-3CE0E3F9AED7}.Release|Any CPU.Build.0 = Release|Any CPU
	EndGlobalSection
	GlobalSection(SolutionProperties) = preSolution
		HideSolutionNode = FALSE
	EndGlobalSection
	GlobalSection(ExtensibilityGlobals) = postSolution
		SolutionGuid = {2BE22F10-6A7D-43F9-8C62-542ECB4396A3}
	EndGlobalSection
EndGlobal
