
Microsoft Visual Studio Solution File, Format Version 12.00
# Visual Studio Version 17
VisualStudioVersion = 17.4.33213.308
MinimumVisualStudioVersion = 10.0.40219.1
Project("{FAE04EC0-301F-11D3-BF4B-00C04F79EFBC}") = "BallGamesWindowsFormsApp", "BallGamesWindowsFormsApp\BallGamesWindowsFormsApp.csproj", "{1005FD72-5591-4493-B444-83C2FC8756E6}"
EndProject
Project("{FAE04EC0-301F-11D3-BF4B-00C04F79EFBC}") = "BallClassLibrary", "BallClassLibrary\BallClassLibrary.csproj", "{101DDA35-821E-418D-BC47-9AD55A8F59B7}"
EndProject
Project("{FAE04EC0-301F-11D3-BF4B-00C04F79EFBC}") = "BallGamesWithMouseWindowsFormsApp", "BallGamesWithMouseWindowsFormsApp\BallGamesWithMouseWindowsFormsApp.csproj", "{635F5DD5-5728-4458-83A8-FC76CC5CE9CE}"
EndProject
Project("{FAE04EC0-301F-11D3-BF4B-00C04F79EFBC}") = "BillyardBallsWindowsFormsApp", "BillyardBallsWindowsFormsApp\BillyardBallsWindowsFormsApp.csproj", "{C6205C43-FD58-422A-A630-ED24EE95C0A5}"
EndProject
Project("{FAE04EC0-301F-11D3-BF4B-00C04F79EFBC}") = "SalutWindowsFormsApp", "SalutWindowsFormsApp\SalutWindowsFormsApp.csproj", "{816341C8-BCB0-46B6-8279-75D46561A6F3}"
EndProject
Project("{FAE04EC0-301F-11D3-BF4B-00C04F79EFBC}") = "FruitNinjaWindowsFormsApp", "FruitNinjaWindowsFormsApp\FruitNinjaWindowsFormsApp.csproj", "{ACCC6361-A3B5-4477-AD43-19D78DB325BD}"
EndProject
Global
	GlobalSection(SolutionConfigurationPlatforms) = preSolution
		Debug|Any CPU = Debug|Any CPU
		Release|Any CPU = Release|Any CPU
	EndGlobalSection
	GlobalSection(ProjectConfigurationPlatforms) = postSolution
		{1005FD72-5591-4493-B444-83C2FC8756E6}.Debug|Any CPU.ActiveCfg = Debug|Any CPU
		{1005FD72-5591-4493-B444-83C2FC8756E6}.Debug|Any CPU.Build.0 = Debug|Any CPU
		{1005FD72-5591-4493-B444-83C2FC8756E6}.Release|Any CPU.ActiveCfg = Release|Any CPU
		{1005FD72-5591-4493-B444-83C2FC8756E6}.Release|Any CPU.Build.0 = Release|Any CPU
		{101DDA35-821E-418D-BC47-9AD55A8F59B7}.Debug|Any CPU.ActiveCfg = Debug|Any CPU
		{101DDA35-821E-418D-BC47-9AD55A8F59B7}.Debug|Any CPU.Build.0 = Debug|Any CPU
		{101DDA35-821E-418D-BC47-9AD55A8F59B7}.Release|Any CPU.ActiveCfg = Release|Any CPU
		{101DDA35-821E-418D-BC47-9AD55A8F59B7}.Release|Any CPU.Build.0 = Release|Any CPU
		{635F5DD5-5728-4458-83A8-FC76CC5CE9CE}.Debug|Any CPU.ActiveCfg = Debug|Any CPU
		{635F5DD5-5728-4458-83A8-FC76CC5CE9CE}.Debug|Any CPU.Build.0 = Debug|Any CPU
		{635F5DD5-5728-4458-83A8-FC76CC5CE9CE}.Release|Any CPU.ActiveCfg = Release|Any CPU
		{635F5DD5-5728-4458-83A8-FC76CC5CE9CE}.Release|Any CPU.Build.0 = Release|Any CPU
		{C6205C43-FD58-422A-A630-ED24EE95C0A5}.Debug|Any CPU.ActiveCfg = Debug|Any CPU
		{C6205C43-FD58-422A-A630-ED24EE95C0A5}.Debug|Any CPU.Build.0 = Debug|Any CPU
		{C6205C43-FD58-422A-A630-ED24EE95C0A5}.Release|Any CPU.ActiveCfg = Release|Any CPU
		{C6205C43-FD58-422A-A630-ED24EE95C0A5}.Release|Any CPU.Build.0 = Release|Any CPU
		{816341C8-BCB0-46B6-8279-75D46561A6F3}.Debug|Any CPU.ActiveCfg = Debug|Any CPU
		{816341C8-BCB0-46B6-8279-75D46561A6F3}.Debug|Any CPU.Build.0 = Debug|Any CPU
		{816341C8-BCB0-46B6-8279-75D46561A6F3}.Release|Any CPU.ActiveCfg = Release|Any CPU
		{816341C8-BCB0-46B6-8279-75D46561A6F3}.Release|Any CPU.Build.0 = Release|Any CPU
		{ACCC6361-A3B5-4477-AD43-19D78DB325BD}.Debug|Any CPU.ActiveCfg = Debug|Any CPU
		{ACCC6361-A3B5-4477-AD43-19D78DB325BD}.Debug|Any CPU.Build.0 = Debug|Any CPU
		{ACCC6361-A3B5-4477-AD43-19D78DB325BD}.Release|Any CPU.ActiveCfg = Release|Any CPU
		{ACCC6361-A3B5-4477-AD43-19D78DB325BD}.Release|Any CPU.Build.0 = Release|Any CPU
	EndGlobalSection
	GlobalSection(SolutionProperties) = preSolution
		HideSolutionNode = FALSE
	EndGlobalSection
	GlobalSection(ExtensibilityGlobals) = postSolution
		SolutionGuid = {4419814C-AE56-4BAE-884C-4F964A51FF96}
	EndGlobalSection
EndGlobal
